
Microsoft Visual Studio Solution File, Format Version 10.00
# Visual Studio 2008
Project("{8BC9CEB8-8B4A-11D0-8D11-00A0C91BC942}") = "RecordPlay", "RecordPlay.vcproj", "{FCAE7131-6CA6-4081-8F14-686F61955A3A}"
EndProject
Global
	GlobalSection(SolutionConfigurationPlatforms) = preSolution
		Debug|Win32 = Debug|Win32
		Release|Win32 = Release|Win32
	EndGlobalSection
	GlobalSection(ProjectConfigurationPlatforms) = postSolution
		{FCAE7131-6CA6-4081-8F14-686F61955A3A}.Debug|Win32.ActiveCfg = Debug|Win32
		{FCAE7131-6CA6-4081-8F14-686F61955A3A}.Debug|Win32.Build.0 = Debug|Win32
		{FCAE7131-6CA6-4081-8F14-686F61955A3A}.Release|Win32.ActiveCfg = Release|Win32
		{FCAE7131-6CA6-4081-8F14-686F61955A3A}.Release|Win32.Build.0 = Release|Win32
	EndGlobalSection
	GlobalSection(SolutionProperties) = preSolution
		HideSolutionNode = FALSE
	EndGlobalSection
EndGlobal
